// !$*UTF8*$!
{
	archiveVersion = 1;
	classes = {
	};
	objectVersion = 46;
	objects = {

/* Begin PBXBuildFile section */
		184072011F0CC168009B3399 /* main.m in Sources */ = {isa = PBXBuildFile; fileRef = 184072001F0CC168009B3399 /* main.m */; };
		184072041F0CC168009B3399 /* AppDelegate.m in Sources */ = {isa = PBXBuildFile; fileRef = 184072031F0CC168009B3399 /* AppDelegate.m */; };
		184072071F0CC168009B3399 /* ViewController.m in Sources */ = {isa = PBXBuildFile; fileRef = 184072061F0CC168009B3399 /* ViewController.m */; };
		1840720A1F0CC168009B3399 /* Main.storyboard in Resources */ = {isa = PBXBuildFile; fileRef = 184072081F0CC168009B3399 /* Main.storyboard */; };
		1840720C1F0CC168009B3399 /* Assets.xcassets in Resources */ = {isa = PBXBuildFile; fileRef = 1840720B1F0CC168009B3399 /* Assets.xcassets */; };
		1840720F1F0CC168009B3399 /* LaunchScreen.storyboard in Resources */ = {isa = PBXBuildFile; fileRef = 1840720D1F0CC168009B3399 /* LaunchScreen.storyboard */; };
		184072181F0CC1C6009B3399 /* KeychainWrapper.m in Sources */ = {isa = PBXBuildFile; fileRef = 184072171F0CC1C6009B3399 /* KeychainWrapper.m */; };
		1840721B1F0CD45D009B3399 /* Security.framework in Frameworks */ = {isa = PBXBuildFile; fileRef = 1840721A1F0CD45D009B3399 /* Security.framework */; };
		187F05BD1F0E25AF0078D99F /* KeychainAccessGroups.plist in Resources */ = {isa = PBXBuildFile; fileRef = 187F05BC1F0E25AF0078D99F /* KeychainAccessGroups.plist */; };
		18A8344D1F0DD4150066ED6B /* MYPKeychain.m in Sources */ = {isa = PBXBuildFile; fileRef = 18A8344C1F0DD4150066ED6B /* MYPKeychain.m */; };
/* End PBXBuildFile section */

/* Begin PBXFileReference section */
		184071FC1F0CC168009B3399 /* OC-KeyChain-IDFV.app */ = {isa = PBXFileReference; explicitFileType = wrapper.application; includeInIndex = 0; path = "OC-KeyChain-IDFV.app"; sourceTree = BUILT_PRODUCTS_DIR; };
		184072001F0CC168009B3399 /* main.m */ = {isa = PBXFileReference; lastKnownFileType = sourcecode.c.objc; path = main.m; sourceTree = "<group>"; };
		184072021F0CC168009B3399 /* AppDelegate.h */ = {isa = PBXFileReference; lastKnownFileType = sourcecode.c.h; path = AppDelegate.h; sourceTree = "<group>"; };
		184072031F0CC168009B3399 /* AppDelegate.m */ = {isa = PBXFileReference; lastKnownFileType = sourcecode.c.objc; path = AppDelegate.m; sourceTree = "<group>"; };
		184072051F0CC168009B3399 /* ViewController.h */ = {isa = PBXFileReference; lastKnownFileType = sourcecode.c.h; path = ViewController.h; sourceTree = "<group>"; };
		184072061F0CC168009B3399 /* ViewController.m */ = {isa = PBXFileReference; lastKnownFileType = sourcecode.c.objc; path = ViewController.m; sourceTree = "<group>"; };
		184072091F0CC168009B3399 /* Base */ = {isa = PBXFileReference; lastKnownFileType = file.storyboard; name = Base; path = Base.lproj/Main.storyboard; sourceTree = "<group>"; };
		1840720B1F0CC168009B3399 /* Assets.xcassets */ = {isa = PBXFileReference; lastKnownFileType = folder.assetcatalog; path = Assets.xcassets; sourceTree = "<group>"; };
		1840720E1F0CC168009B3399 /* Base */ = {isa = PBXFileReference; lastKnownFileType = file.storyboard; name = Base; path = Base.lproj/LaunchScreen.storyboard; sourceTree = "<group>"; };
		184072101F0CC168009B3399 /* Info.plist */ = {isa = PBXFileReference; lastKnownFileType = text.plist.xml; path = Info.plist; sourceTree = "<group>"; };
		184072161F0CC1C6009B3399 /* KeychainWrapper.h */ = {isa = PBXFileReference; fileEncoding = 4; lastKnownFileType = sourcecode.c.h; path = KeychainWrapper.h; sourceTree = "<group>"; };
		184072171F0CC1C6009B3399 /* KeychainWrapper.m */ = {isa = PBXFileReference; fileEncoding = 4; lastKnownFileType = sourcecode.c.objc; path = KeychainWrapper.m; sourceTree = "<group>"; };
		1840721A1F0CD45D009B3399 /* Security.framework */ = {isa = PBXFileReference; lastKnownFileType = wrapper.framework; name = Security.framework; path = System/Library/Frameworks/Security.framework; sourceTree = SDKROOT; };
		187F05BC1F0E25AF0078D99F /* KeychainAccessGroups.plist */ = {isa = PBXFileReference; fileEncoding = 4; lastKnownFileType = text.plist.xml; path = KeychainAccessGroups.plist; sourceTree = "<group>"; };
		18A8344B1F0DD4150066ED6B /* MYPKeychain.h */ = {isa = PBXFileReference; fileEncoding = 4; lastKnownFileType = sourcecode.c.h; path = MYPKeychain.h; sourceTree = "<group>"; };
		18A8344C1F0DD4150066ED6B /* MYPKeychain.m */ = {isa = PBXFileReference; fileEncoding = 4; lastKnownFileType = sourcecode.c.objc; path = MYPKeychain.m; sourceTree = "<group>"; };
/* End PBXFileReference section */

/* Begin PBXFrameworksBuildPhase section */
		184071F91F0CC168009B3399 /* Frameworks */ = {
			isa = PBXFrameworksBuildPhase;
			buildActionMask = 2147483647;
			files = (
				1840721B1F0CD45D009B3399 /* Security.framework in Frameworks */,
			);
			runOnlyForDeploymentPostprocessing = 0;
		};
/* End PBXFrameworksBuildPhase section */

/* Begin PBXGroup section */
		184071F31F0CC168009B3399 = {
			isa = PBXGroup;
			children = (
				184071FE1F0CC168009B3399 /* OC-KeyChain-IDFV */,
				184071FD1F0CC168009B3399 /* Products */,
				184072191F0CD45D009B3399 /* Frameworks */,
			);
			sourceTree = "<group>";
		};
		184071FD1F0CC168009B3399 /* Products */ = {
			isa = PBXGroup;
			children = (
				184071FC1F0CC168009B3399 /* OC-KeyChain-IDFV.app */,
			);
			name = Products;
			sourceTree = "<group>";
		};
		184071FE1F0CC168009B3399 /* OC-KeyChain-IDFV */ = {
			isa = PBXGroup;
			children = (
				184072161F0CC1C6009B3399 /* KeychainWrapper.h */,
				184072171F0CC1C6009B3399 /* KeychainWrapper.m */,
				18A8344B1F0DD4150066ED6B /* MYPKeychain.h */,
				18A8344C1F0DD4150066ED6B /* MYPKeychain.m */,
				187F05BC1F0E25AF0078D99F /* KeychainAccessGroups.plist */,
				184072051F0CC168009B3399 /* ViewController.h */,
				184072061F0CC168009B3399 /* ViewController.m */,
				184072081F0CC168009B3399 /* Main.storyboard */,
				1840720B1F0CC168009B3399 /* Assets.xcassets */,
				184072021F0CC168009B3399 /* AppDelegate.h */,
				184072031F0CC168009B3399 /* AppDelegate.m */,
				1840720D1F0CC168009B3399 /* LaunchScreen.storyboard */,
				184072101F0CC168009B3399 /* Info.plist */,
				184071FF1F0CC168009B3399 /* Supporting Files */,
			);
			path = "OC-KeyChain-IDFV";
			sourceTree = "<group>";
		};
		184071FF1F0CC168009B3399 /* Supporting Files */ = {
			isa = PBXGroup;
			children = (
				184072001F0CC168009B3399 /* main.m */,
			);
			name = "Supporting Files";
			sourceTree = "<group>";
		};
		184072191F0CD45D009B3399 /* Frameworks */ = {
			isa = PBXGroup;
			children = (
				1840721A1F0CD45D009B3399 /* Security.framework */,
			);
			name = Frameworks;
			sourceTree = "<group>";
		};
/* End PBXGroup section */

/* Begin PBXNativeTarget section */
		184071FB1F0CC168009B3399 /* OC-KeyChain-IDFV */ = {
			isa = PBXNativeTarget;
			buildConfigurationList = 184072131F0CC168009B3399 /* Build configuration list for PBXNativeTarget "OC-KeyChain-IDFV" */;
			buildPhases = (
				184071F81F0CC168009B3399 /* Sources */,
				184071F91F0CC168009B3399 /* Frameworks */,
				184071FA1F0CC168009B3399 /* Resources */,
			);
			buildRules = (
			);
			dependencies = (
			);
			name = "OC-KeyChain-IDFV";
			productName = "OC-KeyChain-IDFV";
			productReference = 184071FC1F0CC168009B3399 /* OC-KeyChain-IDFV.app */;
			productType = "com.apple.product-type.application";
		};
/* End PBXNativeTarget section */

/* Begin PBXProject section */
		184071F41F0CC168009B3399 /* Project object */ = {
			isa = PBXProject;
			attributes = {
				LastUpgradeCheck = 0830;
				ORGANIZATIONNAME = com.mengyueping.www;
				TargetAttributes = {
					184071FB1F0CC168009B3399 = {
						CreatedOnToolsVersion = 8.3.3;
						DevelopmentTeam = 75FZ5C3S97;
						ProvisioningStyle = Automatic;
					};
				};
			};
			buildConfigurationList = 184071F71F0CC168009B3399 /* Build configuration list for PBXProject "OC-KeyChain-IDFV" */;
			compatibilityVersion = "Xcode 3.2";
			developmentRegion = English;
			hasScannedForEncodings = 0;
			knownRegions = (
				en,
				Base,
			);
			mainGroup = 184071F31F0CC168009B3399;
			productRefGroup = 184071FD1F0CC168009B3399 /* Products */;
			projectDirPath = "";
			projectRoot = "";
			targets = (
				184071FB1F0CC168009B3399 /* OC-KeyChain-IDFV */,
			);
		};
/* End PBXProject section */

/* Begin PBXResourcesBuildPhase section */
		184071FA1F0CC168009B3399 /* Resources */ = {
			isa = PBXResourcesBuildPhase;
			buildActionMask = 2147483647;
			files = (
				1840720F1F0CC168009B3399 /* LaunchScreen.storyboard in Resources */,
				1840720C1F0CC168009B3399 /* Assets.xcassets in Resources */,
				187F05BD1F0E25AF0078D99F /* KeychainAccessGroups.plist in Resources */,
				1840720A1F0CC168009B3399 /* Main.storyboard in Resources */,
			);
			runOnlyForDeploymentPostprocessing = 0;
		};
/* End PBXResourcesBuildPhase section */

/* Begin PBXSourcesBuildPhase section */
		184071F81F0CC168009B3399 /* Sources */ = {
			isa = PBXSourcesBuildPhase;
			buildActionMask = 2147483647;
			files = (
				184072071F0CC168009B3399 /* ViewController.m in Sources */,
				184072181F0CC1C6009B3399 /* KeychainWrapper.m in Sources */,
				18A8344D1F0DD4150066ED6B /* MYPKeychain.m in Sources */,
				184072041F0CC168009B3399 /* AppDelegate.m in Sources */,
				184072011F0CC168009B3399 /* main.m in Sources */,
			);
			runOnlyForDeploymentPostprocessing = 0;
		};
/* End PBXSourcesBuildPhase section */

/* Begin PBXVariantGroup section */
		184072081F0CC168009B3399 /* Main.storyboard */ = {
			isa = PBXVariantGroup;
			children = (
				184072091F0CC168009B3399 /* Base */,
			);
			name = Main.storyboard;
			sourceTree = "<group>";
		};
		1840720D1F0CC168009B3399 /* LaunchScreen.storyboard */ = {
			isa = PBXVariantGroup;
			children = (
				1840720E1F0CC168009B3399 /* Base */,
			);
			name = LaunchScreen.storyboard;
			sourceTree = "<group>";
		};
/* End PBXVariantGroup section */

/* Begin XCBuildConfiguration section */
		184072111F0CC168009B3399 /* Debug */ = {
			isa = XCBuildConfiguration;
			buildSettings = {
				ALWAYS_SEARCH_USER_PATHS = NO;
				CLANG_ANALYZER_NONNULL = YES;
				CLANG_ANALYZER_NUMBER_OBJECT_CONVERSION = YES_AGGRESSIVE;
				CLANG_CXX_LANGUAGE_STANDARD = "gnu++0x";
				CLANG_CXX_LIBRARY = "libc++";
				CLANG_ENABLE_MODULES = YES;
				CLANG_ENABLE_OBJC_ARC = YES;
				CLANG_WARN_BOOL_CONVERSION = YES;
				CLANG_WARN_CONSTANT_CONVERSION = YES;
				CLANG_WARN_DIRECT_OBJC_ISA_USAGE = YES_ERROR;
				CLANG_WARN_DOCUMENTATION_COMMENTS = YES;
				CLANG_WARN_EMPTY_BODY = YES;
				CLANG_WARN_ENUM_CONVERSION = YES;
				CLANG_WARN_INFINITE_RECURSION = YES;
				CLANG_WARN_INT_CONVERSION = YES;
				CLANG_WARN_OBJC_ROOT_CLASS = YES_ERROR;
				CLANG_WARN_SUSPICIOUS_MOVE = YES;
				CLANG_WARN_UNREACHABLE_CODE = YES;
				CLANG_WARN__DUPLICATE_METHOD_MATCH = YES;
				"CODE_SIGN_IDENTITY[sdk=iphoneos*]" = "iPhone Developer";
				COPY_PHASE_STRIP = NO;
				DEBUG_INFORMATION_FORMAT = dwarf;
				ENABLE_STRICT_OBJC_MSGSEND = YES;
				ENABLE_TESTABILITY = YES;
				GCC_C_LANGUAGE_STANDARD = gnu99;
				GCC_DYNAMIC_NO_PIC = NO;
				GCC_NO_COMMON_BLOCKS = YES;
				GCC_OPTIMIZATION_LEVEL = 0;
				GCC_PREPROCESSOR_DEFINITIONS = (
					"DEBUG=1",
					"$(inherited)",
				);
				GCC_WARN_64_TO_32_BIT_CONVERSION = YES;
				GCC_WARN_ABOUT_RETURN_TYPE = YES_ERROR;
				GCC_WARN_UNDECLARED_SELECTOR = YES;
				GCC_WARN_UNINITIALIZED_AUTOS = YES_AGGRESSIVE;
				GCC_WARN_UNUSED_FUNCTION = YES;
				GCC_WARN_UNUSED_VARIABLE = YES;
				IPHONEOS_DEPLOYMENT_TARGET = 10.3;
				MTL_ENABLE_DEBUG_INFO = YES;
				ONLY_ACTIVE_ARCH = YES;
				SDKROOT = iphoneos;
			};
			name = Debug;
		};
		184072121F0CC168009B3399 /* Release */ = {
			isa = XCBuildConfiguration;
			buildSettings = {
				ALWAYS_SEARCH_USER_PATHS = NO;
				CLANG_ANALYZER_NONNULL = YES;
				CLANG_ANALYZER_NUMBER_OBJECT_CONVERSION = YES_AGGRESSIVE;
				CLANG_CXX_LANGUAGE_STANDARD = "gnu++0x";
				CLANG_CXX_LIBRARY = "libc++";
				CLANG_ENABLE_MODULES = YES;
				CLANG_ENABLE_OBJC_ARC = YES;
				CLANG_WARN_BOOL_CONVERSION = YES;
				CLANG_WARN_CONSTANT_CONVERSION = YES;
				CLANG_WARN_DIRECT_OBJC_ISA_USAGE = YES_ERROR;
				CLANG_WARN_DOCUMENTATION_COMMENTS = YES;
				CLANG_WARN_EMPTY_BODY = YES;
				CLANG_WARN_ENUM_CONVERSION = YES;
				CLANG_WARN_INFINITE_RECURSION = YES;
				CLANG_WARN_INT_CONVERSION = YES;
				CLANG_WARN_OBJC_ROOT_CLASS = YES_ERROR;
				CLANG_WARN_SUSPICIOUS_MOVE = YES;
				CLANG_WARN_UNREACHABLE_CODE = YES;
				CLANG_WARN__DUPLICATE_METHOD_MATCH = YES;
				"CODE_SIGN_IDENTITY[sdk=iphoneos*]" = "iPhone Developer";
				COPY_PHASE_STRIP = NO;
				DEBUG_INFORMATION_FORMAT = "dwarf-with-dsym";
				ENABLE_NS_ASSERTIONS = NO;
				ENABLE_STRICT_OBJC_MSGSEND = YES;
				GCC_C_LANGUAGE_STANDARD = gnu99;
				GCC_NO_COMMON_BLOCKS = YES;
				GCC_WARN_64_TO_32_BIT_CONVERSION = YES;
				GCC_WARN_ABOUT_RETURN_TYPE = YES_ERROR;
				GCC_WARN_UNDECLARED_SELECTOR = YES;
				GCC_WARN_UNINITIALIZED_AUTOS = YES_AGGRESSIVE;
				GCC_WARN_UNUSED_FUNCTION = YES;
				GCC_WARN_UNUSED_VARIABLE = YES;
				IPHONEOS_DEPLOYMENT_TARGET = 10.3;
				MTL_ENABLE_DEBUG_INFO = NO;
				SDKROOT = iphoneos;
				VALIDATE_PRODUCT = YES;
			};
			name = Release;
		};
		184072141F0CC168009B3399 /* Debug */ = {
			isa = XCBuildConfiguration;
			buildSettings = {
				ASSETCATALOG_COMPILER_APPICON_NAME = AppIcon;
				CODE_SIGN_ENTITLEMENTS = "$(PROJECT)/KeychainAccessGroups.plist";
				DEVELOPMENT_TEAM = 75FZ5C3S97;
				INFOPLIST_FILE = "OC-KeyChain-IDFV/Info.plist";
				LD_RUNPATH_SEARCH_PATHS = "$(inherited) @executable_path/Frameworks";
				PRODUCT_BUNDLE_IDENTIFIER = "com.mengyueping.www.OC-KeyChain-IDFV888";
				PRODUCT_NAME = "$(TARGET_NAME)";
			};
			name = Debug;
		};
		184072151F0CC168009B3399 /* Release */ = {
			isa = XCBuildConfiguration;
			buildSettings = {
				ASSETCATALOG_COMPILER_APPICON_NAME = AppIcon;
				CODE_SIGN_ENTITLEMENTS = "$(PROJECT)/KeychainAccessGroups.plist";
				DEVELOPMENT_TEAM = 75FZ5C3S97;
				INFOPLIST_FILE = "OC-KeyChain-IDFV/Info.plist";
				LD_RUNPATH_SEARCH_PATHS = "$(inherited) @executable_path/Frameworks";
				PRODUCT_BUNDLE_IDENTIFIER = "com.mengyueping.www.OC-KeyChain-IDFV888";
				PRODUCT_NAME = "$(TARGET_NAME)";
			};
			name = Release;
		};
/* End XCBuildConfiguration section */

/* Begin XCConfigurationList section */
		184071F71F0CC168009B3399 /* Build configuration list for PBXProject "OC-KeyChain-IDFV" */ = {
			isa = XCConfigurationList;
			buildConfigurations = (
				184072111F0CC168009B3399 /* Debug */,
				184072121F0CC168009B3399 /* Release */,
			);
			defaultConfigurationIsVisible = 0;
			defaultConfigurationName = Release;
		};
		184072131F0CC168009B3399 /* Build configuration list for PBXNativeTarget "OC-KeyChain-IDFV" */ = {
			isa = XCConfigurationList;
			buildConfigurations = (
				184072141F0CC168009B3399 /* Debug */,
				184072151F0CC168009B3399 /* Release */,
			);
			defaultConfigurationIsVisible = 0;
			defaultConfigurationName = Release;
		};
/* End XCConfigurationList section */
	};
	rootObject = 184071F41F0CC168009B3399 /* Project object */;
}
