// !$*UTF8*$!
{
	archiveVersion = 1;
	classes = {
	};
	objectVersion = 46;
	objects = {

/* Begin PBXBuildFile section */
		18E960981F1CAF4F00ABB0F8 /* main.m in Sources */ = {isa = PBXBuildFile; fileRef = 18E960971F1CAF4F00ABB0F8 /* main.m */; };
		18E9609B1F1CAF4F00ABB0F8 /* AppDelegate.m in Sources */ = {isa = PBXBuildFile; fileRef = 18E9609A1F1CAF4F00ABB0F8 /* AppDelegate.m */; };
		18E9609E1F1CAF4F00ABB0F8 /* ViewController.m in Sources */ = {isa = PBXBuildFile; fileRef = 18E9609D1F1CAF4F00ABB0F8 /* ViewController.m */; };
		18E960A11F1CAF4F00ABB0F8 /* Main.storyboard in Resources */ = {isa = PBXBuildFile; fileRef = 18E9609F1F1CAF4F00ABB0F8 /* Main.storyboard */; };
		18E960A31F1CAF4F00ABB0F8 /* Assets.xcassets in Resources */ = {isa = PBXBuildFile; fileRef = 18E960A21F1CAF4F00ABB0F8 /* Assets.xcassets */; };
		18E960A61F1CAF4F00ABB0F8 /* LaunchScreen.storyboard in Resources */ = {isa = PBXBuildFile; fileRef = 18E960A41F1CAF4F00ABB0F8 /* LaunchScreen.storyboard */; };
		18E960AF1F1CAF8400ABB0F8 /* UserModel.m in Sources */ = {isa = PBXBuildFile; fileRef = 18E960AE1F1CAF8400ABB0F8 /* UserModel.m */; };
		18E960B21F1CD5AD00ABB0F8 /* MomentModel.m in Sources */ = {isa = PBXBuildFile; fileRef = 18E960B11F1CD5AD00ABB0F8 /* MomentModel.m */; };
/* End PBXBuildFile section */

/* Begin PBXFileReference section */
		18E960931F1CAF4F00ABB0F8 /* runtime-archive.app */ = {isa = PBXFileReference; explicitFileType = wrapper.application; includeInIndex = 0; path = "runtime-archive.app"; sourceTree = BUILT_PRODUCTS_DIR; };
		18E960971F1CAF4F00ABB0F8 /* main.m */ = {isa = PBXFileReference; lastKnownFileType = sourcecode.c.objc; path = main.m; sourceTree = "<group>"; };
		18E960991F1CAF4F00ABB0F8 /* AppDelegate.h */ = {isa = PBXFileReference; lastKnownFileType = sourcecode.c.h; path = AppDelegate.h; sourceTree = "<group>"; };
		18E9609A1F1CAF4F00ABB0F8 /* AppDelegate.m */ = {isa = PBXFileReference; lastKnownFileType = sourcecode.c.objc; path = AppDelegate.m; sourceTree = "<group>"; };
		18E9609C1F1CAF4F00ABB0F8 /* ViewController.h */ = {isa = PBXFileReference; lastKnownFileType = sourcecode.c.h; path = ViewController.h; sourceTree = "<group>"; };
		18E9609D1F1CAF4F00ABB0F8 /* ViewController.m */ = {isa = PBXFileReference; lastKnownFileType = sourcecode.c.objc; path = ViewController.m; sourceTree = "<group>"; };
		18E960A01F1CAF4F00ABB0F8 /* Base */ = {isa = PBXFileReference; lastKnownFileType = file.storyboard; name = Base; path = Base.lproj/Main.storyboard; sourceTree = "<group>"; };
		18E960A21F1CAF4F00ABB0F8 /* Assets.xcassets */ = {isa = PBXFileReference; lastKnownFileType = folder.assetcatalog; path = Assets.xcassets; sourceTree = "<group>"; };
		18E960A51F1CAF4F00ABB0F8 /* Base */ = {isa = PBXFileReference; lastKnownFileType = file.storyboard; name = Base; path = Base.lproj/LaunchScreen.storyboard; sourceTree = "<group>"; };
		18E960A71F1CAF4F00ABB0F8 /* Info.plist */ = {isa = PBXFileReference; lastKnownFileType = text.plist.xml; path = Info.plist; sourceTree = "<group>"; };
		18E960AD1F1CAF8400ABB0F8 /* UserModel.h */ = {isa = PBXFileReference; fileEncoding = 4; lastKnownFileType = sourcecode.c.h; path = UserModel.h; sourceTree = "<group>"; };
		18E960AE1F1CAF8400ABB0F8 /* UserModel.m */ = {isa = PBXFileReference; fileEncoding = 4; lastKnownFileType = sourcecode.c.objc; path = UserModel.m; sourceTree = "<group>"; };
		18E960B01F1CD5AD00ABB0F8 /* MomentModel.h */ = {isa = PBXFileReference; fileEncoding = 4; lastKnownFileType = sourcecode.c.h; path = MomentModel.h; sourceTree = "<group>"; };
		18E960B11F1CD5AD00ABB0F8 /* MomentModel.m */ = {isa = PBXFileReference; fileEncoding = 4; lastKnownFileType = sourcecode.c.objc; path = MomentModel.m; sourceTree = "<group>"; };
/* End PBXFileReference section */

/* Begin PBXFrameworksBuildPhase section */
		18E960901F1CAF4F00ABB0F8 /* Frameworks */ = {
			isa = PBXFrameworksBuildPhase;
			buildActionMask = 2147483647;
			files = (
			);
			runOnlyForDeploymentPostprocessing = 0;
		};
/* End PBXFrameworksBuildPhase section */

/* Begin PBXGroup section */
		18E9608A1F1CAF4F00ABB0F8 = {
			isa = PBXGroup;
			children = (
				18E960951F1CAF4F00ABB0F8 /* runtime-archive */,
				18E960941F1CAF4F00ABB0F8 /* Products */,
			);
			sourceTree = "<group>";
		};
		18E960941F1CAF4F00ABB0F8 /* Products */ = {
			isa = PBXGroup;
			children = (
				18E960931F1CAF4F00ABB0F8 /* runtime-archive.app */,
			);
			name = Products;
			sourceTree = "<group>";
		};
		18E960951F1CAF4F00ABB0F8 /* runtime-archive */ = {
			isa = PBXGroup;
			children = (
				18E960991F1CAF4F00ABB0F8 /* AppDelegate.h */,
				18E9609A1F1CAF4F00ABB0F8 /* AppDelegate.m */,
				18E9609C1F1CAF4F00ABB0F8 /* ViewController.h */,
				18E9609D1F1CAF4F00ABB0F8 /* ViewController.m */,
				18E960AD1F1CAF8400ABB0F8 /* UserModel.h */,
				18E960AE1F1CAF8400ABB0F8 /* UserModel.m */,
				18E960B01F1CD5AD00ABB0F8 /* MomentModel.h */,
				18E960B11F1CD5AD00ABB0F8 /* MomentModel.m */,
				18E9609F1F1CAF4F00ABB0F8 /* Main.storyboard */,
				18E960A21F1CAF4F00ABB0F8 /* Assets.xcassets */,
				18E960A41F1CAF4F00ABB0F8 /* LaunchScreen.storyboard */,
				18E960A71F1CAF4F00ABB0F8 /* Info.plist */,
				18E960961F1CAF4F00ABB0F8 /* Supporting Files */,
			);
			path = "runtime-archive";
			sourceTree = "<group>";
		};
		18E960961F1CAF4F00ABB0F8 /* Supporting Files */ = {
			isa = PBXGroup;
			children = (
				18E960971F1CAF4F00ABB0F8 /* main.m */,
			);
			name = "Supporting Files";
			sourceTree = "<group>";
		};
/* End PBXGroup section */

/* Begin PBXNativeTarget section */
		18E960921F1CAF4F00ABB0F8 /* runtime-archive */ = {
			isa = PBXNativeTarget;
			buildConfigurationList = 18E960AA1F1CAF4F00ABB0F8 /* Build configuration list for PBXNativeTarget "runtime-archive" */;
			buildPhases = (
				18E9608F1F1CAF4F00ABB0F8 /* Sources */,
				18E960901F1CAF4F00ABB0F8 /* Frameworks */,
				18E960911F1CAF4F00ABB0F8 /* Resources */,
			);
			buildRules = (
			);
			dependencies = (
			);
			name = "runtime-archive";
			productName = "runtime-archive";
			productReference = 18E960931F1CAF4F00ABB0F8 /* runtime-archive.app */;
			productType = "com.apple.product-type.application";
		};
/* End PBXNativeTarget section */

/* Begin PBXProject section */
		18E9608B1F1CAF4F00ABB0F8 /* Project object */ = {
			isa = PBXProject;
			attributes = {
				LastUpgradeCheck = 0830;
				ORGANIZATIONNAME = com.mengyueping.www;
				TargetAttributes = {
					18E960921F1CAF4F00ABB0F8 = {
						CreatedOnToolsVersion = 8.3.3;
						ProvisioningStyle = Automatic;
					};
				};
			};
			buildConfigurationList = 18E9608E1F1CAF4F00ABB0F8 /* Build configuration list for PBXProject "runtime-archive" */;
			compatibilityVersion = "Xcode 3.2";
			developmentRegion = English;
			hasScannedForEncodings = 0;
			knownRegions = (
				en,
				Base,
			);
			mainGroup = 18E9608A1F1CAF4F00ABB0F8;
			productRefGroup = 18E960941F1CAF4F00ABB0F8 /* Products */;
			projectDirPath = "";
			projectRoot = "";
			targets = (
				18E960921F1CAF4F00ABB0F8 /* runtime-archive */,
			);
		};
/* End PBXProject section */

/* Begin PBXResourcesBuildPhase section */
		18E960911F1CAF4F00ABB0F8 /* Resources */ = {
			isa = PBXResourcesBuildPhase;
			buildActionMask = 2147483647;
			files = (
				18E960A61F1CAF4F00ABB0F8 /* LaunchScreen.storyboard in Resources */,
				18E960A31F1CAF4F00ABB0F8 /* Assets.xcassets in Resources */,
				18E960A11F1CAF4F00ABB0F8 /* Main.storyboard in Resources */,
			);
			runOnlyForDeploymentPostprocessing = 0;
		};
/* End PBXResourcesBuildPhase section */

/* Begin PBXSourcesBuildPhase section */
		18E9608F1F1CAF4F00ABB0F8 /* Sources */ = {
			isa = PBXSourcesBuildPhase;
			buildActionMask = 2147483647;
			files = (
				18E9609E1F1CAF4F00ABB0F8 /* ViewController.m in Sources */,
				18E9609B1F1CAF4F00ABB0F8 /* AppDelegate.m in Sources */,
				18E960B21F1CD5AD00ABB0F8 /* MomentModel.m in Sources */,
				18E960AF1F1CAF8400ABB0F8 /* UserModel.m in Sources */,
				18E960981F1CAF4F00ABB0F8 /* main.m in Sources */,
			);
			runOnlyForDeploymentPostprocessing = 0;
		};
/* End PBXSourcesBuildPhase section */

/* Begin PBXVariantGroup section */
		18E9609F1F1CAF4F00ABB0F8 /* Main.storyboard */ = {
			isa = PBXVariantGroup;
			children = (
				18E960A01F1CAF4F00ABB0F8 /* Base */,
			);
			name = Main.storyboard;
			sourceTree = "<group>";
		};
		18E960A41F1CAF4F00ABB0F8 /* LaunchScreen.storyboard */ = {
			isa = PBXVariantGroup;
			children = (
				18E960A51F1CAF4F00ABB0F8 /* Base */,
			);
			name = LaunchScreen.storyboard;
			sourceTree = "<group>";
		};
/* End PBXVariantGroup section */

/* Begin XCBuildConfiguration section */
		18E960A81F1CAF4F00ABB0F8 /* Debug */ = {
			isa = XCBuildConfiguration;
			buildSettings = {
				ALWAYS_SEARCH_USER_PATHS = NO;
				CLANG_ANALYZER_NONNULL = YES;
				CLANG_ANALYZER_NUMBER_OBJECT_CONVERSION = YES_AGGRESSIVE;
				CLANG_CXX_LANGUAGE_STANDARD = "gnu++0x";
				CLANG_CXX_LIBRARY = "libc++";
				CLANG_ENABLE_MODULES = YES;
				CLANG_ENABLE_OBJC_ARC = YES;
				CLANG_WARN_BOOL_CONVERSION = YES;
				CLANG_WARN_CONSTANT_CONVERSION = YES;
				CLANG_WARN_DIRECT_OBJC_ISA_USAGE = YES_ERROR;
				CLANG_WARN_DOCUMENTATION_COMMENTS = YES;
				CLANG_WARN_EMPTY_BODY = YES;
				CLANG_WARN_ENUM_CONVERSION = YES;
				CLANG_WARN_INFINITE_RECURSION = YES;
				CLANG_WARN_INT_CONVERSION = YES;
				CLANG_WARN_OBJC_ROOT_CLASS = YES_ERROR;
				CLANG_WARN_SUSPICIOUS_MOVE = YES;
				CLANG_WARN_UNREACHABLE_CODE = YES;
				CLANG_WARN__DUPLICATE_METHOD_MATCH = YES;
				"CODE_SIGN_IDENTITY[sdk=iphoneos*]" = "iPhone Developer";
				COPY_PHASE_STRIP = NO;
				DEBUG_INFORMATION_FORMAT = dwarf;
				ENABLE_STRICT_OBJC_MSGSEND = YES;
				ENABLE_TESTABILITY = YES;
				GCC_C_LANGUAGE_STANDARD = gnu99;
				GCC_DYNAMIC_NO_PIC = NO;
				GCC_NO_COMMON_BLOCKS = YES;
				GCC_OPTIMIZATION_LEVEL = 0;
				GCC_PREPROCESSOR_DEFINITIONS = (
					"DEBUG=1",
					"$(inherited)",
				);
				GCC_WARN_64_TO_32_BIT_CONVERSION = YES;
				GCC_WARN_ABOUT_RETURN_TYPE = YES_ERROR;
				GCC_WARN_UNDECLARED_SELECTOR = YES;
				GCC_WARN_UNINITIALIZED_AUTOS = YES_AGGRESSIVE;
				GCC_WARN_UNUSED_FUNCTION = YES;
				GCC_WARN_UNUSED_VARIABLE = YES;
				IPHONEOS_DEPLOYMENT_TARGET = 10.3;
				MTL_ENABLE_DEBUG_INFO = YES;
				ONLY_ACTIVE_ARCH = YES;
				SDKROOT = iphoneos;
			};
			name = Debug;
		};
		18E960A91F1CAF4F00ABB0F8 /* Release */ = {
			isa = XCBuildConfiguration;
			buildSettings = {
				ALWAYS_SEARCH_USER_PATHS = NO;
				CLANG_ANALYZER_NONNULL = YES;
				CLANG_ANALYZER_NUMBER_OBJECT_CONVERSION = YES_AGGRESSIVE;
				CLANG_CXX_LANGUAGE_STANDARD = "gnu++0x";
				CLANG_CXX_LIBRARY = "libc++";
				CLANG_ENABLE_MODULES = YES;
				CLANG_ENABLE_OBJC_ARC = YES;
				CLANG_WARN_BOOL_CONVERSION = YES;
				CLANG_WARN_CONSTANT_CONVERSION = YES;
				CLANG_WARN_DIRECT_OBJC_ISA_USAGE = YES_ERROR;
				CLANG_WARN_DOCUMENTATION_COMMENTS = YES;
				CLANG_WARN_EMPTY_BODY = YES;
				CLANG_WARN_ENUM_CONVERSION = YES;
				CLANG_WARN_INFINITE_RECURSION = YES;
				CLANG_WARN_INT_CONVERSION = YES;
				CLANG_WARN_OBJC_ROOT_CLASS = YES_ERROR;
				CLANG_WARN_SUSPICIOUS_MOVE = YES;
				CLANG_WARN_UNREACHABLE_CODE = YES;
				CLANG_WARN__DUPLICATE_METHOD_MATCH = YES;
				"CODE_SIGN_IDENTITY[sdk=iphoneos*]" = "iPhone Developer";
				COPY_PHASE_STRIP = NO;
				DEBUG_INFORMATION_FORMAT = "dwarf-with-dsym";
				ENABLE_NS_ASSERTIONS = NO;
				ENABLE_STRICT_OBJC_MSGSEND = YES;
				GCC_C_LANGUAGE_STANDARD = gnu99;
				GCC_NO_COMMON_BLOCKS = YES;
				GCC_WARN_64_TO_32_BIT_CONVERSION = YES;
				GCC_WARN_ABOUT_RETURN_TYPE = YES_ERROR;
				GCC_WARN_UNDECLARED_SELECTOR = YES;
				GCC_WARN_UNINITIALIZED_AUTOS = YES_AGGRESSIVE;
				GCC_WARN_UNUSED_FUNCTION = YES;
				GCC_WARN_UNUSED_VARIABLE = YES;
				IPHONEOS_DEPLOYMENT_TARGET = 10.3;
				MTL_ENABLE_DEBUG_INFO = NO;
				SDKROOT = iphoneos;
				VALIDATE_PRODUCT = YES;
			};
			name = Release;
		};
		18E960AB1F1CAF4F00ABB0F8 /* Debug */ = {
			isa = XCBuildConfiguration;
			buildSettings = {
				ASSETCATALOG_COMPILER_APPICON_NAME = AppIcon;
				INFOPLIST_FILE = "runtime-archive/Info.plist";
				LD_RUNPATH_SEARCH_PATHS = "$(inherited) @executable_path/Frameworks";
				PRODUCT_BUNDLE_IDENTIFIER = "com.mengyueping.www.runtime-archive";
				PRODUCT_NAME = "$(TARGET_NAME)";
			};
			name = Debug;
		};
		18E960AC1F1CAF4F00ABB0F8 /* Release */ = {
			isa = XCBuildConfiguration;
			buildSettings = {
				ASSETCATALOG_COMPILER_APPICON_NAME = AppIcon;
				INFOPLIST_FILE = "runtime-archive/Info.plist";
				LD_RUNPATH_SEARCH_PATHS = "$(inherited) @executable_path/Frameworks";
				PRODUCT_BUNDLE_IDENTIFIER = "com.mengyueping.www.runtime-archive";
				PRODUCT_NAME = "$(TARGET_NAME)";
			};
			name = Release;
		};
/* End XCBuildConfiguration section */

/* Begin XCConfigurationList section */
		18E9608E1F1CAF4F00ABB0F8 /* Build configuration list for PBXProject "runtime-archive" */ = {
			isa = XCConfigurationList;
			buildConfigurations = (
				18E960A81F1CAF4F00ABB0F8 /* Debug */,
				18E960A91F1CAF4F00ABB0F8 /* Release */,
			);
			defaultConfigurationIsVisible = 0;
			defaultConfigurationName = Release;
		};
		18E960AA1F1CAF4F00ABB0F8 /* Build configuration list for PBXNativeTarget "runtime-archive" */ = {
			isa = XCConfigurationList;
			buildConfigurations = (
				18E960AB1F1CAF4F00ABB0F8 /* Debug */,
				18E960AC1F1CAF4F00ABB0F8 /* Release */,
			);
			defaultConfigurationIsVisible = 0;
		};
/* End XCConfigurationList section */
	};
	rootObject = 18E9608B1F1CAF4F00ABB0F8 /* Project object */;
}
