// !$*UTF8*$!
{
	archiveVersion = 1;
	classes = {
	};
	objectVersion = 46;
	objects = {

/* Begin PBXBuildFile section */
		1811A3381F1DDA3F001F5FF8 /* main.m in Sources */ = {isa = PBXBuildFile; fileRef = 1811A3371F1DDA3F001F5FF8 /* main.m */; };
		1811A33B1F1DDA3F001F5FF8 /* AppDelegate.m in Sources */ = {isa = PBXBuildFile; fileRef = 1811A33A1F1DDA3F001F5FF8 /* AppDelegate.m */; };
		1811A33E1F1DDA3F001F5FF8 /* ViewController.m in Sources */ = {isa = PBXBuildFile; fileRef = 1811A33D1F1DDA3F001F5FF8 /* ViewController.m */; };
		1811A3411F1DDA3F001F5FF8 /* Main.storyboard in Resources */ = {isa = PBXBuildFile; fileRef = 1811A33F1F1DDA3F001F5FF8 /* Main.storyboard */; };
		1811A3431F1DDA3F001F5FF8 /* Assets.xcassets in Resources */ = {isa = PBXBuildFile; fileRef = 1811A3421F1DDA3F001F5FF8 /* Assets.xcassets */; };
		1811A3461F1DDA3F001F5FF8 /* LaunchScreen.storyboard in Resources */ = {isa = PBXBuildFile; fileRef = 1811A3441F1DDA3F001F5FF8 /* LaunchScreen.storyboard */; };
		1811A34F1F1DDA8C001F5FF8 /* NSURL+methodExchange.m in Sources */ = {isa = PBXBuildFile; fileRef = 1811A34E1F1DDA8C001F5FF8 /* NSURL+methodExchange.m */; };
/* End PBXBuildFile section */

/* Begin PBXFileReference section */
		1811A3331F1DDA3F001F5FF8 /* runtime-methodExchange.app */ = {isa = PBXFileReference; explicitFileType = wrapper.application; includeInIndex = 0; path = "runtime-methodExchange.app"; sourceTree = BUILT_PRODUCTS_DIR; };
		1811A3371F1DDA3F001F5FF8 /* main.m */ = {isa = PBXFileReference; lastKnownFileType = sourcecode.c.objc; path = main.m; sourceTree = "<group>"; };
		1811A3391F1DDA3F001F5FF8 /* AppDelegate.h */ = {isa = PBXFileReference; lastKnownFileType = sourcecode.c.h; path = AppDelegate.h; sourceTree = "<group>"; };
		1811A33A1F1DDA3F001F5FF8 /* AppDelegate.m */ = {isa = PBXFileReference; lastKnownFileType = sourcecode.c.objc; path = AppDelegate.m; sourceTree = "<group>"; };
		1811A33C1F1DDA3F001F5FF8 /* ViewController.h */ = {isa = PBXFileReference; lastKnownFileType = sourcecode.c.h; path = ViewController.h; sourceTree = "<group>"; };
		1811A33D1F1DDA3F001F5FF8 /* ViewController.m */ = {isa = PBXFileReference; lastKnownFileType = sourcecode.c.objc; path = ViewController.m; sourceTree = "<group>"; };
		1811A3401F1DDA3F001F5FF8 /* Base */ = {isa = PBXFileReference; lastKnownFileType = file.storyboard; name = Base; path = Base.lproj/Main.storyboard; sourceTree = "<group>"; };
		1811A3421F1DDA3F001F5FF8 /* Assets.xcassets */ = {isa = PBXFileReference; lastKnownFileType = folder.assetcatalog; path = Assets.xcassets; sourceTree = "<group>"; };
		1811A3451F1DDA3F001F5FF8 /* Base */ = {isa = PBXFileReference; lastKnownFileType = file.storyboard; name = Base; path = Base.lproj/LaunchScreen.storyboard; sourceTree = "<group>"; };
		1811A3471F1DDA3F001F5FF8 /* Info.plist */ = {isa = PBXFileReference; lastKnownFileType = text.plist.xml; path = Info.plist; sourceTree = "<group>"; };
		1811A34D1F1DDA8C001F5FF8 /* NSURL+methodExchange.h */ = {isa = PBXFileReference; fileEncoding = 4; lastKnownFileType = sourcecode.c.h; path = "NSURL+methodExchange.h"; sourceTree = "<group>"; };
		1811A34E1F1DDA8C001F5FF8 /* NSURL+methodExchange.m */ = {isa = PBXFileReference; fileEncoding = 4; lastKnownFileType = sourcecode.c.objc; path = "NSURL+methodExchange.m"; sourceTree = "<group>"; };
/* End PBXFileReference section */

/* Begin PBXFrameworksBuildPhase section */
		1811A3301F1DDA3F001F5FF8 /* Frameworks */ = {
			isa = PBXFrameworksBuildPhase;
			buildActionMask = 2147483647;
			files = (
			);
			runOnlyForDeploymentPostprocessing = 0;
		};
/* End PBXFrameworksBuildPhase section */

/* Begin PBXGroup section */
		1811A32A1F1DDA3F001F5FF8 = {
			isa = PBXGroup;
			children = (
				1811A3351F1DDA3F001F5FF8 /* runtime-methodExchange */,
				1811A3341F1DDA3F001F5FF8 /* Products */,
			);
			sourceTree = "<group>";
		};
		1811A3341F1DDA3F001F5FF8 /* Products */ = {
			isa = PBXGroup;
			children = (
				1811A3331F1DDA3F001F5FF8 /* runtime-methodExchange.app */,
			);
			name = Products;
			sourceTree = "<group>";
		};
		1811A3351F1DDA3F001F5FF8 /* runtime-methodExchange */ = {
			isa = PBXGroup;
			children = (
				1811A3391F1DDA3F001F5FF8 /* AppDelegate.h */,
				1811A33A1F1DDA3F001F5FF8 /* AppDelegate.m */,
				1811A33C1F1DDA3F001F5FF8 /* ViewController.h */,
				1811A33D1F1DDA3F001F5FF8 /* ViewController.m */,
				1811A34D1F1DDA8C001F5FF8 /* NSURL+methodExchange.h */,
				1811A34E1F1DDA8C001F5FF8 /* NSURL+methodExchange.m */,
				1811A33F1F1DDA3F001F5FF8 /* Main.storyboard */,
				1811A3421F1DDA3F001F5FF8 /* Assets.xcassets */,
				1811A3441F1DDA3F001F5FF8 /* LaunchScreen.storyboard */,
				1811A3471F1DDA3F001F5FF8 /* Info.plist */,
				1811A3361F1DDA3F001F5FF8 /* Supporting Files */,
			);
			path = "runtime-methodExchange";
			sourceTree = "<group>";
		};
		1811A3361F1DDA3F001F5FF8 /* Supporting Files */ = {
			isa = PBXGroup;
			children = (
				1811A3371F1DDA3F001F5FF8 /* main.m */,
			);
			name = "Supporting Files";
			sourceTree = "<group>";
		};
/* End PBXGroup section */

/* Begin PBXNativeTarget section */
		1811A3321F1DDA3F001F5FF8 /* runtime-methodExchange */ = {
			isa = PBXNativeTarget;
			buildConfigurationList = 1811A34A1F1DDA3F001F5FF8 /* Build configuration list for PBXNativeTarget "runtime-methodExchange" */;
			buildPhases = (
				1811A32F1F1DDA3F001F5FF8 /* Sources */,
				1811A3301F1DDA3F001F5FF8 /* Frameworks */,
				1811A3311F1DDA3F001F5FF8 /* Resources */,
			);
			buildRules = (
			);
			dependencies = (
			);
			name = "runtime-methodExchange";
			productName = "runtime-methodExchange";
			productReference = 1811A3331F1DDA3F001F5FF8 /* runtime-methodExchange.app */;
			productType = "com.apple.product-type.application";
		};
/* End PBXNativeTarget section */

/* Begin PBXProject section */
		1811A32B1F1DDA3F001F5FF8 /* Project object */ = {
			isa = PBXProject;
			attributes = {
				LastUpgradeCheck = 0830;
				ORGANIZATIONNAME = com.mengyueping.www;
				TargetAttributes = {
					1811A3321F1DDA3F001F5FF8 = {
						CreatedOnToolsVersion = 8.3.3;
						ProvisioningStyle = Automatic;
					};
				};
			};
			buildConfigurationList = 1811A32E1F1DDA3F001F5FF8 /* Build configuration list for PBXProject "runtime-methodExchange" */;
			compatibilityVersion = "Xcode 3.2";
			developmentRegion = English;
			hasScannedForEncodings = 0;
			knownRegions = (
				en,
				Base,
			);
			mainGroup = 1811A32A1F1DDA3F001F5FF8;
			productRefGroup = 1811A3341F1DDA3F001F5FF8 /* Products */;
			projectDirPath = "";
			projectRoot = "";
			targets = (
				1811A3321F1DDA3F001F5FF8 /* runtime-methodExchange */,
			);
		};
/* End PBXProject section */

/* Begin PBXResourcesBuildPhase section */
		1811A3311F1DDA3F001F5FF8 /* Resources */ = {
			isa = PBXResourcesBuildPhase;
			buildActionMask = 2147483647;
			files = (
				1811A3461F1DDA3F001F5FF8 /* LaunchScreen.storyboard in Resources */,
				1811A3431F1DDA3F001F5FF8 /* Assets.xcassets in Resources */,
				1811A3411F1DDA3F001F5FF8 /* Main.storyboard in Resources */,
			);
			runOnlyForDeploymentPostprocessing = 0;
		};
/* End PBXResourcesBuildPhase section */

/* Begin PBXSourcesBuildPhase section */
		1811A32F1F1DDA3F001F5FF8 /* Sources */ = {
			isa = PBXSourcesBuildPhase;
			buildActionMask = 2147483647;
			files = (
				1811A34F1F1DDA8C001F5FF8 /* NSURL+methodExchange.m in Sources */,
				1811A33E1F1DDA3F001F5FF8 /* ViewController.m in Sources */,
				1811A33B1F1DDA3F001F5FF8 /* AppDelegate.m in Sources */,
				1811A3381F1DDA3F001F5FF8 /* main.m in Sources */,
			);
			runOnlyForDeploymentPostprocessing = 0;
		};
/* End PBXSourcesBuildPhase section */

/* Begin PBXVariantGroup section */
		1811A33F1F1DDA3F001F5FF8 /* Main.storyboard */ = {
			isa = PBXVariantGroup;
			children = (
				1811A3401F1DDA3F001F5FF8 /* Base */,
			);
			name = Main.storyboard;
			sourceTree = "<group>";
		};
		1811A3441F1DDA3F001F5FF8 /* LaunchScreen.storyboard */ = {
			isa = PBXVariantGroup;
			children = (
				1811A3451F1DDA3F001F5FF8 /* Base */,
			);
			name = LaunchScreen.storyboard;
			sourceTree = "<group>";
		};
/* End PBXVariantGroup section */

/* Begin XCBuildConfiguration section */
		1811A3481F1DDA3F001F5FF8 /* Debug */ = {
			isa = XCBuildConfiguration;
			buildSettings = {
				ALWAYS_SEARCH_USER_PATHS = NO;
				CLANG_ANALYZER_NONNULL = YES;
				CLANG_ANALYZER_NUMBER_OBJECT_CONVERSION = YES_AGGRESSIVE;
				CLANG_CXX_LANGUAGE_STANDARD = "gnu++0x";
				CLANG_CXX_LIBRARY = "libc++";
				CLANG_ENABLE_MODULES = YES;
				CLANG_ENABLE_OBJC_ARC = YES;
				CLANG_WARN_BOOL_CONVERSION = YES;
				CLANG_WARN_CONSTANT_CONVERSION = YES;
				CLANG_WARN_DIRECT_OBJC_ISA_USAGE = YES_ERROR;
				CLANG_WARN_DOCUMENTATION_COMMENTS = YES;
				CLANG_WARN_EMPTY_BODY = YES;
				CLANG_WARN_ENUM_CONVERSION = YES;
				CLANG_WARN_INFINITE_RECURSION = YES;
				CLANG_WARN_INT_CONVERSION = YES;
				CLANG_WARN_OBJC_ROOT_CLASS = YES_ERROR;
				CLANG_WARN_SUSPICIOUS_MOVE = YES;
				CLANG_WARN_UNREACHABLE_CODE = YES;
				CLANG_WARN__DUPLICATE_METHOD_MATCH = YES;
				"CODE_SIGN_IDENTITY[sdk=iphoneos*]" = "iPhone Developer";
				COPY_PHASE_STRIP = NO;
				DEBUG_INFORMATION_FORMAT = dwarf;
				ENABLE_STRICT_OBJC_MSGSEND = YES;
				ENABLE_TESTABILITY = YES;
				GCC_C_LANGUAGE_STANDARD = gnu99;
				GCC_DYNAMIC_NO_PIC = NO;
				GCC_NO_COMMON_BLOCKS = YES;
				GCC_OPTIMIZATION_LEVEL = 0;
				GCC_PREPROCESSOR_DEFINITIONS = (
					"DEBUG=1",
					"$(inherited)",
				);
				GCC_WARN_64_TO_32_BIT_CONVERSION = YES;
				GCC_WARN_ABOUT_RETURN_TYPE = YES_ERROR;
				GCC_WARN_UNDECLARED_SELECTOR = YES;
				GCC_WARN_UNINITIALIZED_AUTOS = YES_AGGRESSIVE;
				GCC_WARN_UNUSED_FUNCTION = YES;
				GCC_WARN_UNUSED_VARIABLE = YES;
				IPHONEOS_DEPLOYMENT_TARGET = 10.3;
				MTL_ENABLE_DEBUG_INFO = YES;
				ONLY_ACTIVE_ARCH = YES;
				SDKROOT = iphoneos;
			};
			name = Debug;
		};
		1811A3491F1DDA3F001F5FF8 /* Release */ = {
			isa = XCBuildConfiguration;
			buildSettings = {
				ALWAYS_SEARCH_USER_PATHS = NO;
				CLANG_ANALYZER_NONNULL = YES;
				CLANG_ANALYZER_NUMBER_OBJECT_CONVERSION = YES_AGGRESSIVE;
				CLANG_CXX_LANGUAGE_STANDARD = "gnu++0x";
				CLANG_CXX_LIBRARY = "libc++";
				CLANG_ENABLE_MODULES = YES;
				CLANG_ENABLE_OBJC_ARC = YES;
				CLANG_WARN_BOOL_CONVERSION = YES;
				CLANG_WARN_CONSTANT_CONVERSION = YES;
				CLANG_WARN_DIRECT_OBJC_ISA_USAGE = YES_ERROR;
				CLANG_WARN_DOCUMENTATION_COMMENTS = YES;
				CLANG_WARN_EMPTY_BODY = YES;
				CLANG_WARN_ENUM_CONVERSION = YES;
				CLANG_WARN_INFINITE_RECURSION = YES;
				CLANG_WARN_INT_CONVERSION = YES;
				CLANG_WARN_OBJC_ROOT_CLASS = YES_ERROR;
				CLANG_WARN_SUSPICIOUS_MOVE = YES;
				CLANG_WARN_UNREACHABLE_CODE = YES;
				CLANG_WARN__DUPLICATE_METHOD_MATCH = YES;
				"CODE_SIGN_IDENTITY[sdk=iphoneos*]" = "iPhone Developer";
				COPY_PHASE_STRIP = NO;
				DEBUG_INFORMATION_FORMAT = "dwarf-with-dsym";
				ENABLE_NS_ASSERTIONS = NO;
				ENABLE_STRICT_OBJC_MSGSEND = YES;
				GCC_C_LANGUAGE_STANDARD = gnu99;
				GCC_NO_COMMON_BLOCKS = YES;
				GCC_WARN_64_TO_32_BIT_CONVERSION = YES;
				GCC_WARN_ABOUT_RETURN_TYPE = YES_ERROR;
				GCC_WARN_UNDECLARED_SELECTOR = YES;
				GCC_WARN_UNINITIALIZED_AUTOS = YES_AGGRESSIVE;
				GCC_WARN_UNUSED_FUNCTION = YES;
				GCC_WARN_UNUSED_VARIABLE = YES;
				IPHONEOS_DEPLOYMENT_TARGET = 10.3;
				MTL_ENABLE_DEBUG_INFO = NO;
				SDKROOT = iphoneos;
				VALIDATE_PRODUCT = YES;
			};
			name = Release;
		};
		1811A34B1F1DDA3F001F5FF8 /* Debug */ = {
			isa = XCBuildConfiguration;
			buildSettings = {
				ASSETCATALOG_COMPILER_APPICON_NAME = AppIcon;
				INFOPLIST_FILE = "runtime-methodExchange/Info.plist";
				LD_RUNPATH_SEARCH_PATHS = "$(inherited) @executable_path/Frameworks";
				PRODUCT_BUNDLE_IDENTIFIER = "com.mengyueping.www.runtime-methodExchange";
				PRODUCT_NAME = "$(TARGET_NAME)";
			};
			name = Debug;
		};
		1811A34C1F1DDA3F001F5FF8 /* Release */ = {
			isa = XCBuildConfiguration;
			buildSettings = {
				ASSETCATALOG_COMPILER_APPICON_NAME = AppIcon;
				INFOPLIST_FILE = "runtime-methodExchange/Info.plist";
				LD_RUNPATH_SEARCH_PATHS = "$(inherited) @executable_path/Frameworks";
				PRODUCT_BUNDLE_IDENTIFIER = "com.mengyueping.www.runtime-methodExchange";
				PRODUCT_NAME = "$(TARGET_NAME)";
			};
			name = Release;
		};
/* End XCBuildConfiguration section */

/* Begin XCConfigurationList section */
		1811A32E1F1DDA3F001F5FF8 /* Build configuration list for PBXProject "runtime-methodExchange" */ = {
			isa = XCConfigurationList;
			buildConfigurations = (
				1811A3481F1DDA3F001F5FF8 /* Debug */,
				1811A3491F1DDA3F001F5FF8 /* Release */,
			);
			defaultConfigurationIsVisible = 0;
			defaultConfigurationName = Release;
		};
		1811A34A1F1DDA3F001F5FF8 /* Build configuration list for PBXNativeTarget "runtime-methodExchange" */ = {
			isa = XCConfigurationList;
			buildConfigurations = (
				1811A34B1F1DDA3F001F5FF8 /* Debug */,
				1811A34C1F1DDA3F001F5FF8 /* Release */,
			);
			defaultConfigurationIsVisible = 0;
		};
/* End XCConfigurationList section */
	};
	rootObject = 1811A32B1F1DDA3F001F5FF8 /* Project object */;
}
