// !$*UTF8*$!
{
	archiveVersion = 1;
	classes = {
	};
	objectVersion = 46;
	objects = {

/* Begin PBXBuildFile section */
		1811A3151F1CE1C4001F5FF8 /* AppDelegate.swift in Sources */ = {isa = PBXBuildFile; fileRef = 1811A3141F1CE1C4001F5FF8 /* AppDelegate.swift */; };
		1811A3171F1CE1C4001F5FF8 /* ViewController.swift in Sources */ = {isa = PBXBuildFile; fileRef = 1811A3161F1CE1C4001F5FF8 /* ViewController.swift */; };
		1811A31A1F1CE1C4001F5FF8 /* Main.storyboard in Resources */ = {isa = PBXBuildFile; fileRef = 1811A3181F1CE1C4001F5FF8 /* Main.storyboard */; };
		1811A31C1F1CE1C4001F5FF8 /* Assets.xcassets in Resources */ = {isa = PBXBuildFile; fileRef = 1811A31B1F1CE1C4001F5FF8 /* Assets.xcassets */; };
		1811A31F1F1CE1C4001F5FF8 /* LaunchScreen.storyboard in Resources */ = {isa = PBXBuildFile; fileRef = 1811A31D1F1CE1C4001F5FF8 /* LaunchScreen.storyboard */; };
		1811A3271F1CE1D9001F5FF8 /* MomentModel.swift in Sources */ = {isa = PBXBuildFile; fileRef = 1811A3261F1CE1D9001F5FF8 /* MomentModel.swift */; };
		1811A3291F1D1003001F5FF8 /* UserModel.swift in Sources */ = {isa = PBXBuildFile; fileRef = 1811A3281F1D1003001F5FF8 /* UserModel.swift */; };
/* End PBXBuildFile section */

/* Begin PBXFileReference section */
		1811A3111F1CE1C4001F5FF8 /* swift-runtime-archive.app */ = {isa = PBXFileReference; explicitFileType = wrapper.application; includeInIndex = 0; path = "swift-runtime-archive.app"; sourceTree = BUILT_PRODUCTS_DIR; };
		1811A3141F1CE1C4001F5FF8 /* AppDelegate.swift */ = {isa = PBXFileReference; lastKnownFileType = sourcecode.swift; path = AppDelegate.swift; sourceTree = "<group>"; };
		1811A3161F1CE1C4001F5FF8 /* ViewController.swift */ = {isa = PBXFileReference; lastKnownFileType = sourcecode.swift; path = ViewController.swift; sourceTree = "<group>"; };
		1811A3191F1CE1C4001F5FF8 /* Base */ = {isa = PBXFileReference; lastKnownFileType = file.storyboard; name = Base; path = Base.lproj/Main.storyboard; sourceTree = "<group>"; };
		1811A31B1F1CE1C4001F5FF8 /* Assets.xcassets */ = {isa = PBXFileReference; lastKnownFileType = folder.assetcatalog; path = Assets.xcassets; sourceTree = "<group>"; };
		1811A31E1F1CE1C4001F5FF8 /* Base */ = {isa = PBXFileReference; lastKnownFileType = file.storyboard; name = Base; path = Base.lproj/LaunchScreen.storyboard; sourceTree = "<group>"; };
		1811A3201F1CE1C4001F5FF8 /* Info.plist */ = {isa = PBXFileReference; lastKnownFileType = text.plist.xml; path = Info.plist; sourceTree = "<group>"; };
		1811A3261F1CE1D9001F5FF8 /* MomentModel.swift */ = {isa = PBXFileReference; fileEncoding = 4; lastKnownFileType = sourcecode.swift; path = MomentModel.swift; sourceTree = "<group>"; };
		1811A3281F1D1003001F5FF8 /* UserModel.swift */ = {isa = PBXFileReference; fileEncoding = 4; lastKnownFileType = sourcecode.swift; path = UserModel.swift; sourceTree = "<group>"; };
/* End PBXFileReference section */

/* Begin PBXFrameworksBuildPhase section */
		1811A30E1F1CE1C4001F5FF8 /* Frameworks */ = {
			isa = PBXFrameworksBuildPhase;
			buildActionMask = 2147483647;
			files = (
			);
			runOnlyForDeploymentPostprocessing = 0;
		};
/* End PBXFrameworksBuildPhase section */

/* Begin PBXGroup section */
		1811A3081F1CE1C4001F5FF8 = {
			isa = PBXGroup;
			children = (
				1811A3131F1CE1C4001F5FF8 /* swift-runtime-archive */,
				1811A3121F1CE1C4001F5FF8 /* Products */,
			);
			sourceTree = "<group>";
		};
		1811A3121F1CE1C4001F5FF8 /* Products */ = {
			isa = PBXGroup;
			children = (
				1811A3111F1CE1C4001F5FF8 /* swift-runtime-archive.app */,
			);
			name = Products;
			sourceTree = "<group>";
		};
		1811A3131F1CE1C4001F5FF8 /* swift-runtime-archive */ = {
			isa = PBXGroup;
			children = (
				1811A3141F1CE1C4001F5FF8 /* AppDelegate.swift */,
				1811A3161F1CE1C4001F5FF8 /* ViewController.swift */,
				1811A3281F1D1003001F5FF8 /* UserModel.swift */,
				1811A3261F1CE1D9001F5FF8 /* MomentModel.swift */,
				1811A3181F1CE1C4001F5FF8 /* Main.storyboard */,
				1811A31B1F1CE1C4001F5FF8 /* Assets.xcassets */,
				1811A31D1F1CE1C4001F5FF8 /* LaunchScreen.storyboard */,
				1811A3201F1CE1C4001F5FF8 /* Info.plist */,
			);
			path = "swift-runtime-archive";
			sourceTree = "<group>";
		};
/* End PBXGroup section */

/* Begin PBXNativeTarget section */
		1811A3101F1CE1C4001F5FF8 /* swift-runtime-archive */ = {
			isa = PBXNativeTarget;
			buildConfigurationList = 1811A3231F1CE1C4001F5FF8 /* Build configuration list for PBXNativeTarget "swift-runtime-archive" */;
			buildPhases = (
				1811A30D1F1CE1C4001F5FF8 /* Sources */,
				1811A30E1F1CE1C4001F5FF8 /* Frameworks */,
				1811A30F1F1CE1C4001F5FF8 /* Resources */,
			);
			buildRules = (
			);
			dependencies = (
			);
			name = "swift-runtime-archive";
			productName = "swift-runtime-archive";
			productReference = 1811A3111F1CE1C4001F5FF8 /* swift-runtime-archive.app */;
			productType = "com.apple.product-type.application";
		};
/* End PBXNativeTarget section */

/* Begin PBXProject section */
		1811A3091F1CE1C4001F5FF8 /* Project object */ = {
			isa = PBXProject;
			attributes = {
				LastSwiftUpdateCheck = 0830;
				LastUpgradeCheck = 0830;
				ORGANIZATIONNAME = com.mengyueping.www;
				TargetAttributes = {
					1811A3101F1CE1C4001F5FF8 = {
						CreatedOnToolsVersion = 8.3.3;
						ProvisioningStyle = Automatic;
					};
				};
			};
			buildConfigurationList = 1811A30C1F1CE1C4001F5FF8 /* Build configuration list for PBXProject "swift-runtime-archive" */;
			compatibilityVersion = "Xcode 3.2";
			developmentRegion = English;
			hasScannedForEncodings = 0;
			knownRegions = (
				en,
				Base,
			);
			mainGroup = 1811A3081F1CE1C4001F5FF8;
			productRefGroup = 1811A3121F1CE1C4001F5FF8 /* Products */;
			projectDirPath = "";
			projectRoot = "";
			targets = (
				1811A3101F1CE1C4001F5FF8 /* swift-runtime-archive */,
			);
		};
/* End PBXProject section */

/* Begin PBXResourcesBuildPhase section */
		1811A30F1F1CE1C4001F5FF8 /* Resources */ = {
			isa = PBXResourcesBuildPhase;
			buildActionMask = 2147483647;
			files = (
				1811A31F1F1CE1C4001F5FF8 /* LaunchScreen.storyboard in Resources */,
				1811A31C1F1CE1C4001F5FF8 /* Assets.xcassets in Resources */,
				1811A31A1F1CE1C4001F5FF8 /* Main.storyboard in Resources */,
			);
			runOnlyForDeploymentPostprocessing = 0;
		};
/* End PBXResourcesBuildPhase section */

/* Begin PBXSourcesBuildPhase section */
		1811A30D1F1CE1C4001F5FF8 /* Sources */ = {
			isa = PBXSourcesBuildPhase;
			buildActionMask = 2147483647;
			files = (
				1811A3271F1CE1D9001F5FF8 /* MomentModel.swift in Sources */,
				1811A3171F1CE1C4001F5FF8 /* ViewController.swift in Sources */,
				1811A3291F1D1003001F5FF8 /* UserModel.swift in Sources */,
				1811A3151F1CE1C4001F5FF8 /* AppDelegate.swift in Sources */,
			);
			runOnlyForDeploymentPostprocessing = 0;
		};
/* End PBXSourcesBuildPhase section */

/* Begin PBXVariantGroup section */
		1811A3181F1CE1C4001F5FF8 /* Main.storyboard */ = {
			isa = PBXVariantGroup;
			children = (
				1811A3191F1CE1C4001F5FF8 /* Base */,
			);
			name = Main.storyboard;
			sourceTree = "<group>";
		};
		1811A31D1F1CE1C4001F5FF8 /* LaunchScreen.storyboard */ = {
			isa = PBXVariantGroup;
			children = (
				1811A31E1F1CE1C4001F5FF8 /* Base */,
			);
			name = LaunchScreen.storyboard;
			sourceTree = "<group>";
		};
/* End PBXVariantGroup section */

/* Begin XCBuildConfiguration section */
		1811A3211F1CE1C4001F5FF8 /* Debug */ = {
			isa = XCBuildConfiguration;
			buildSettings = {
				ALWAYS_SEARCH_USER_PATHS = NO;
				CLANG_ANALYZER_NONNULL = YES;
				CLANG_ANALYZER_NUMBER_OBJECT_CONVERSION = YES_AGGRESSIVE;
				CLANG_CXX_LANGUAGE_STANDARD = "gnu++0x";
				CLANG_CXX_LIBRARY = "libc++";
				CLANG_ENABLE_MODULES = YES;
				CLANG_ENABLE_OBJC_ARC = YES;
				CLANG_WARN_BOOL_CONVERSION = YES;
				CLANG_WARN_CONSTANT_CONVERSION = YES;
				CLANG_WARN_DIRECT_OBJC_ISA_USAGE = YES_ERROR;
				CLANG_WARN_DOCUMENTATION_COMMENTS = YES;
				CLANG_WARN_EMPTY_BODY = YES;
				CLANG_WARN_ENUM_CONVERSION = YES;
				CLANG_WARN_INFINITE_RECURSION = YES;
				CLANG_WARN_INT_CONVERSION = YES;
				CLANG_WARN_OBJC_ROOT_CLASS = YES_ERROR;
				CLANG_WARN_SUSPICIOUS_MOVE = YES;
				CLANG_WARN_UNREACHABLE_CODE = YES;
				CLANG_WARN__DUPLICATE_METHOD_MATCH = YES;
				"CODE_SIGN_IDENTITY[sdk=iphoneos*]" = "iPhone Developer";
				COPY_PHASE_STRIP = NO;
				DEBUG_INFORMATION_FORMAT = dwarf;
				ENABLE_STRICT_OBJC_MSGSEND = YES;
				ENABLE_TESTABILITY = YES;
				GCC_C_LANGUAGE_STANDARD = gnu99;
				GCC_DYNAMIC_NO_PIC = NO;
				GCC_NO_COMMON_BLOCKS = YES;
				GCC_OPTIMIZATION_LEVEL = 0;
				GCC_PREPROCESSOR_DEFINITIONS = (
					"DEBUG=1",
					"$(inherited)",
				);
				GCC_WARN_64_TO_32_BIT_CONVERSION = YES;
				GCC_WARN_ABOUT_RETURN_TYPE = YES_ERROR;
				GCC_WARN_UNDECLARED_SELECTOR = YES;
				GCC_WARN_UNINITIALIZED_AUTOS = YES_AGGRESSIVE;
				GCC_WARN_UNUSED_FUNCTION = YES;
				GCC_WARN_UNUSED_VARIABLE = YES;
				IPHONEOS_DEPLOYMENT_TARGET = 10.3;
				MTL_ENABLE_DEBUG_INFO = YES;
				ONLY_ACTIVE_ARCH = YES;
				SDKROOT = iphoneos;
				SWIFT_ACTIVE_COMPILATION_CONDITIONS = DEBUG;
				SWIFT_OPTIMIZATION_LEVEL = "-Onone";
			};
			name = Debug;
		};
		1811A3221F1CE1C4001F5FF8 /* Release */ = {
			isa = XCBuildConfiguration;
			buildSettings = {
				ALWAYS_SEARCH_USER_PATHS = NO;
				CLANG_ANALYZER_NONNULL = YES;
				CLANG_ANALYZER_NUMBER_OBJECT_CONVERSION = YES_AGGRESSIVE;
				CLANG_CXX_LANGUAGE_STANDARD = "gnu++0x";
				CLANG_CXX_LIBRARY = "libc++";
				CLANG_ENABLE_MODULES = YES;
				CLANG_ENABLE_OBJC_ARC = YES;
				CLANG_WARN_BOOL_CONVERSION = YES;
				CLANG_WARN_CONSTANT_CONVERSION = YES;
				CLANG_WARN_DIRECT_OBJC_ISA_USAGE = YES_ERROR;
				CLANG_WARN_DOCUMENTATION_COMMENTS = YES;
				CLANG_WARN_EMPTY_BODY = YES;
				CLANG_WARN_ENUM_CONVERSION = YES;
				CLANG_WARN_INFINITE_RECURSION = YES;
				CLANG_WARN_INT_CONVERSION = YES;
				CLANG_WARN_OBJC_ROOT_CLASS = YES_ERROR;
				CLANG_WARN_SUSPICIOUS_MOVE = YES;
				CLANG_WARN_UNREACHABLE_CODE = YES;
				CLANG_WARN__DUPLICATE_METHOD_MATCH = YES;
				"CODE_SIGN_IDENTITY[sdk=iphoneos*]" = "iPhone Developer";
				COPY_PHASE_STRIP = NO;
				DEBUG_INFORMATION_FORMAT = "dwarf-with-dsym";
				ENABLE_NS_ASSERTIONS = NO;
				ENABLE_STRICT_OBJC_MSGSEND = YES;
				GCC_C_LANGUAGE_STANDARD = gnu99;
				GCC_NO_COMMON_BLOCKS = YES;
				GCC_WARN_64_TO_32_BIT_CONVERSION = YES;
				GCC_WARN_ABOUT_RETURN_TYPE = YES_ERROR;
				GCC_WARN_UNDECLARED_SELECTOR = YES;
				GCC_WARN_UNINITIALIZED_AUTOS = YES_AGGRESSIVE;
				GCC_WARN_UNUSED_FUNCTION = YES;
				GCC_WARN_UNUSED_VARIABLE = YES;
				IPHONEOS_DEPLOYMENT_TARGET = 10.3;
				MTL_ENABLE_DEBUG_INFO = NO;
				SDKROOT = iphoneos;
				SWIFT_OPTIMIZATION_LEVEL = "-Owholemodule";
				VALIDATE_PRODUCT = YES;
			};
			name = Release;
		};
		1811A3241F1CE1C4001F5FF8 /* Debug */ = {
			isa = XCBuildConfiguration;
			buildSettings = {
				ASSETCATALOG_COMPILER_APPICON_NAME = AppIcon;
				INFOPLIST_FILE = "swift-runtime-archive/Info.plist";
				LD_RUNPATH_SEARCH_PATHS = "$(inherited) @executable_path/Frameworks";
				PRODUCT_BUNDLE_IDENTIFIER = "com.mengyueping.www.swift-runtime-archive";
				PRODUCT_NAME = "$(TARGET_NAME)";
				SWIFT_VERSION = 3.0;
			};
			name = Debug;
		};
		1811A3251F1CE1C4001F5FF8 /* Release */ = {
			isa = XCBuildConfiguration;
			buildSettings = {
				ASSETCATALOG_COMPILER_APPICON_NAME = AppIcon;
				INFOPLIST_FILE = "swift-runtime-archive/Info.plist";
				LD_RUNPATH_SEARCH_PATHS = "$(inherited) @executable_path/Frameworks";
				PRODUCT_BUNDLE_IDENTIFIER = "com.mengyueping.www.swift-runtime-archive";
				PRODUCT_NAME = "$(TARGET_NAME)";
				SWIFT_VERSION = 3.0;
			};
			name = Release;
		};
/* End XCBuildConfiguration section */

/* Begin XCConfigurationList section */
		1811A30C1F1CE1C4001F5FF8 /* Build configuration list for PBXProject "swift-runtime-archive" */ = {
			isa = XCConfigurationList;
			buildConfigurations = (
				1811A3211F1CE1C4001F5FF8 /* Debug */,
				1811A3221F1CE1C4001F5FF8 /* Release */,
			);
			defaultConfigurationIsVisible = 0;
			defaultConfigurationName = Release;
		};
		1811A3231F1CE1C4001F5FF8 /* Build configuration list for PBXNativeTarget "swift-runtime-archive" */ = {
			isa = XCConfigurationList;
			buildConfigurations = (
				1811A3241F1CE1C4001F5FF8 /* Debug */,
				1811A3251F1CE1C4001F5FF8 /* Release */,
			);
			defaultConfigurationIsVisible = 0;
		};
/* End XCConfigurationList section */
	};
	rootObject = 1811A3091F1CE1C4001F5FF8 /* Project object */;
}
